
Microsoft Visual Studio Solution File, Format Version 12.00
# Visual Studio Version 17
VisualStudioVersion = 17.5.002.0
MinimumVisualStudioVersion = 10.0.40219.1
Project("{9A19103F-16F7-4668-BE54-9A1E7A4F7556}") = "Libp2p.Generators.Protobuf", "Libp2p.Generators.Protobuf.csproj", "{699FF970-2414-4EED-AD9A-5B908BDAB4D8}"
EndProject
Global
	GlobalSection(SolutionConfigurationPlatforms) = preSolution
		Debug|Any CPU = Debug|Any CPU
		Release|Any CPU = Release|Any CPU
	EndGlobalSection
	GlobalSection(ProjectConfigurationPlatforms) = postSolution
		{699FF970-2414-4EED-AD9A-5B908BDAB4D8}.Debug|Any CPU.ActiveCfg = Debug|Any CPU
		{699FF970-2414-4EED-AD9A-5B908BDAB4D8}.Debug|Any CPU.Build.0 = Debug|Any CPU
		{699FF970-2414-4EED-AD9A-5B908BDAB4D8}.Release|Any CPU.ActiveCfg = Release|Any CPU
		{699FF970-2414-4EED-AD9A-5B908BDAB4D8}.Release|Any CPU.Build.0 = Release|Any CPU
	EndGlobalSection
	GlobalSection(SolutionProperties) = preSolution
		HideSolutionNode = FALSE
	EndGlobalSection
	GlobalSection(ExtensibilityGlobals) = postSolution
		SolutionGuid = {459B48E6-7D97-4644-BC5B-B33ED0318CF6}
	EndGlobalSection
EndGlobal
