Microsoft Visual Studio Solution File, Format Version 12.00
# Visual Studio Version 17
VisualStudioVersion = 17.5.2.0
MinimumVisualStudioVersion = 10.0.40219.1
Project("{2150E333-8FDC-42A3-9474-1A3956D46DE8}") = "src", "src", "{827E0CD3-B72D-47B6-A68D-7590B98EB39B}"
EndProject
Project("{2150E333-8FDC-42A3-9474-1A3956D46DE8}") = "libp2p", "libp2p", "{D0839496-A242-3AA1-5A4D-E8CDDAC082DD}"
EndProject
Project("{FAE04EC0-301F-11D3-BF4B-00C04F79EFBC}") = "Libp2p", "src\libp2p\Libp2p\Libp2p.csproj", "{EE1E439D-BF7D-798E-D3A2-300D833845A3}"
EndProject
Project("{FAE04EC0-301F-11D3-BF4B-00C04F79EFBC}") = "Libp2p.Core", "src\libp2p\Libp2p.Core\Libp2p.Core.csproj", "{87A27918-DDDE-D531-4F1D-A108EDC9A14F}"
EndProject
Project("{FAE04EC0-301F-11D3-BF4B-00C04F79EFBC}") = "Libp2p.Core.Benchmarks", "src\libp2p\Libp2p.Core.Benchmarks\Libp2p.Core.Benchmarks.csproj", "{3292B036-B239-3AFE-E22D-E88F69429B8C}"
EndProject
Project("{FAE04EC0-301F-11D3-BF4B-00C04F79EFBC}") = "Libp2p.Core.Tests", "src\libp2p\Libp2p.Core.Tests\Libp2p.Core.Tests.csproj", "{A1209107-48FA-DE5D-69AD-210080A818BA}"
EndProject
Project("{FAE04EC0-301F-11D3-BF4B-00C04F79EFBC}") = "Libp2p.Core.TestsBase", "src\libp2p\Libp2p.Core.TestsBase\Libp2p.Core.TestsBase.csproj", "{EA091EA9-3C3D-FE8D-B382-992ADDAD794A}"
EndProject
Project("{FAE04EC0-301F-11D3-BF4B-00C04F79EFBC}") = "Libp2p.E2eTests", "src\libp2p\Libp2p.E2eTests\Libp2p.E2eTests.csproj", "{E06FD938-E2BD-E415-9C99-2F1EBCF00E44}"
EndProject
Project("{FAE04EC0-301F-11D3-BF4B-00C04F79EFBC}") = "Libp2p.Generators.Enums", "src\libp2p\Libp2p.Generators.Enums\Libp2p.Generators.Enums.csproj", "{59FB6168-AC7C-5C85-865F-E283A6355BF6}"
EndProject
Project("{FAE04EC0-301F-11D3-BF4B-00C04F79EFBC}") = "Libp2p.Generators.Protobuf", "src\libp2p\Libp2p.Generators.Protobuf\Libp2p.Generators.Protobuf.csproj", "{AA57F3DA-F283-BEE3-8B67-29C62ED1EB05}"
EndProject
Project("{FAE04EC0-301F-11D3-BF4B-00C04F79EFBC}") = "Libp2p.OpenTelemetry", "src\libp2p\Libp2p.OpenTelemetry\Libp2p.OpenTelemetry.csproj", "{1BBF5D99-359B-7C11-DC09-FDB7E2CEDFE2}"
EndProject
Project("{FAE04EC0-301F-11D3-BF4B-00C04F79EFBC}") = "Libp2p.Protocols.Identify", "src\libp2p\Libp2p.Protocols.Identify\Libp2p.Protocols.Identify.csproj", "{F054AEFC-10B1-459B-0630-88735F2BEDDA}"
EndProject
Project("{FAE04EC0-301F-11D3-BF4B-00C04F79EFBC}") = "Libp2p.Protocols.IpTcp", "src\libp2p\Libp2p.Protocols.IpTcp\Libp2p.Protocols.IpTcp.csproj", "{5AB07157-3800-255C-C2FB-3558CF2807B8}"
EndProject
Project("{FAE04EC0-301F-11D3-BF4B-00C04F79EFBC}") = "Libp2p.Protocols.MDns", "src\libp2p\Libp2p.Protocols.MDns\Libp2p.Protocols.MDns.csproj", "{A1E55619-4F27-F7C0-C2C1-0C067E36158D}"
EndProject
Project("{FAE04EC0-301F-11D3-BF4B-00C04F79EFBC}") = "Libp2p.Protocols.Multistream", "src\libp2p\Libp2p.Protocols.Multistream\Libp2p.Protocols.Multistream.csproj", "{14BE3460-8A81-6F08-9B57-D3DBE870CCC2}"
EndProject
Project("{FAE04EC0-301F-11D3-BF4B-00C04F79EFBC}") = "Libp2p.Protocols.Multistream.Tests", "src\libp2p\Libp2p.Protocols.Multistream.Tests\Libp2p.Protocols.Multistream.Tests.csproj", "{97D3FE10-F36E-4CAF-C5E8-2236EF2D477E}"
EndProject
Project("{FAE04EC0-301F-11D3-BF4B-00C04F79EFBC}") = "Libp2p.Protocols.Noise", "src\libp2p\Libp2p.Protocols.Noise\Libp2p.Protocols.Noise.csproj", "{0674FF49-DE2F-6D6B-B595-77F6FD41531F}"
EndProject
Project("{FAE04EC0-301F-11D3-BF4B-00C04F79EFBC}") = "Libp2p.Protocols.Noise.Tests", "src\libp2p\Libp2p.Protocols.Noise.Tests\Libp2p.Protocols.Noise.Tests.csproj", "{6AB9B07B-4909-4D26-C1C8-61B7E963C6C2}"
EndProject
Project("{FAE04EC0-301F-11D3-BF4B-00C04F79EFBC}") = "Libp2p.Protocols.Ping", "src\libp2p\Libp2p.Protocols.Ping\Libp2p.Protocols.Ping.csproj", "{BBF933DE-97D8-0681-66DE-65111CA8E808}"
EndProject
Project("{FAE04EC0-301F-11D3-BF4B-00C04F79EFBC}") = "Libp2p.Protocols.Plaintext", "src\libp2p\Libp2p.Protocols.Plaintext\Libp2p.Protocols.Plaintext.csproj", "{F455BC6D-B311-339C-F9C1-F2A8EB23E325}"
EndProject
Project("{FAE04EC0-301F-11D3-BF4B-00C04F79EFBC}") = "Libp2p.Protocols.Pubsub", "src\libp2p\Libp2p.Protocols.Pubsub\Libp2p.Protocols.Pubsub.csproj", "{5D519555-E973-ABF0-D631-6FEEC05A8403}"
EndProject
Project("{FAE04EC0-301F-11D3-BF4B-00C04F79EFBC}") = "Libp2p.Protocols.Pubsub.E2eTests", "src\libp2p\Libp2p.Protocols.Pubsub.E2eTests\Libp2p.Protocols.Pubsub.E2eTests.csproj", "{7DF35E63-7E7C-F11A-8166-70581736F863}"
EndProject
Project("{FAE04EC0-301F-11D3-BF4B-00C04F79EFBC}") = "Libp2p.Protocols.Pubsub.Tests", "src\libp2p\Libp2p.Protocols.Pubsub.Tests\Libp2p.Protocols.Pubsub.Tests.csproj", "{0DB1ECB6-2620-4AEC-7D54-A08ED7301E0D}"
EndProject
Project("{FAE04EC0-301F-11D3-BF4B-00C04F79EFBC}") = "Libp2p.Protocols.PubsubPeerDiscovery", "src\libp2p\Libp2p.Protocols.PubsubPeerDiscovery\Libp2p.Protocols.PubsubPeerDiscovery.csproj", "{630B03BA-3A4F-3748-4107-34D48187ACA0}"
EndProject
Project("{FAE04EC0-301F-11D3-BF4B-00C04F79EFBC}") = "Libp2p.Protocols.PubsubPeerDiscovery.E2eTests", "src\libp2p\Libp2p.Protocols.PubsubPeerDiscovery.E2eTests\Libp2p.Protocols.PubsubPeerDiscovery.E2eTests.csproj", "{8B1D884E-0156-6009-E77B-4D085B924002}"
EndProject
Project("{FAE04EC0-301F-11D3-BF4B-00C04F79EFBC}") = "Libp2p.Protocols.Quic", "src\libp2p\Libp2p.Protocols.Quic\Libp2p.Protocols.Quic.csproj", "{8B7E914A-FE45-BB80-0240-028B4361182C}"
EndProject
Project("{FAE04EC0-301F-11D3-BF4B-00C04F79EFBC}") = "Libp2p.Protocols.Quic.Tests", "src\libp2p\Libp2p.Protocols.Quic.Tests\Libp2p.Protocols.Quic.Tests.csproj", "{6E9B9BAA-83A2-0E5A-3DF1-D0C112D07A23}"
EndProject
Project("{FAE04EC0-301F-11D3-BF4B-00C04F79EFBC}") = "Libp2p.Protocols.Relay", "src\libp2p\Libp2p.Protocols.Relay\Libp2p.Protocols.Relay.csproj", "{E478B4D0-00F9-6FAA-4941-A017242C212B}"
EndProject
Project("{FAE04EC0-301F-11D3-BF4B-00C04F79EFBC}") = "Libp2p.Protocols.RequestResponse", "src\libp2p\Libp2p.Protocols.RequestResponse\Libp2p.Protocols.RequestResponse.csproj", "{2AC4E3CB-B6E2-D1DF-3F2D-B7005302CC5E}"
EndProject
Project("{FAE04EC0-301F-11D3-BF4B-00C04F79EFBC}") = "Libp2p.Protocols.RequestResponse.Tests", "src\libp2p\Libp2p.Protocols.RequestResponse.Tests\Libp2p.Protocols.RequestResponse.Tests.csproj", "{D84542DB-5874-7F80-2255-EFDBEB09DAD5}"
EndProject
Project("{FAE04EC0-301F-11D3-BF4B-00C04F79EFBC}") = "Libp2p.Protocols.Tls", "src\libp2p\Libp2p.Protocols.Tls\Libp2p.Protocols.Tls.csproj", "{87F545A9-F917-3965-BAB1-F044C35AE50C}"
EndProject
Project("{FAE04EC0-301F-11D3-BF4B-00C04F79EFBC}") = "Libp2p.Protocols.Tls.Tests", "src\libp2p\Libp2p.Protocols.Tls.Tests\Libp2p.Protocols.Tls.Tests.csproj", "{44D3B895-DC61-5D52-9DF1-42C1D596728D}"
EndProject
Project("{FAE04EC0-301F-11D3-BF4B-00C04F79EFBC}") = "Libp2p.Protocols.Yamux", "src\libp2p\Libp2p.Protocols.Yamux\Libp2p.Protocols.Yamux.csproj", "{4C2DC20B-3833-606A-65A9-FC5D6B3E0CF3}"
EndProject
Project("{FAE04EC0-301F-11D3-BF4B-00C04F79EFBC}") = "Libp2p.Protocols.Yamux.Tests", "src\libp2p\Libp2p.Protocols.Yamux.Tests\Libp2p.Protocols.Yamux.Tests.csproj", "{CE418773-C0F9-2D86-0119-BEFEE86F36F4}"
EndProject
Project("{2150E333-8FDC-42A3-9474-1A3956D46DE8}") = "samples", "samples", "{D1B4CF99-7947-DD6C-81D0-5B5B3989814C}"
EndProject
Project("{FAE04EC0-301F-11D3-BF4B-00C04F79EFBC}") = "AIServer", "src\samples\ai-server\AIServer.csproj", "{80B85679-C1F0-A513-399A-426B5D299405}"
EndProject
Project("{FAE04EC0-301F-11D3-BF4B-00C04F79EFBC}") = "Chat", "src\samples\chat\Chat.csproj", "{2C973D90-9AA0-D468-FCEE-452E9883D090}"
EndProject
Project("{FAE04EC0-301F-11D3-BF4B-00C04F79EFBC}") = "MauiChat", "src\samples\maui-chat\MauiChat.csproj", "{41DE3B4B-3C72-9CCA-C4FB-2B1B410DFA03}"
EndProject
Project("{FAE04EC0-301F-11D3-BF4B-00C04F79EFBC}") = "PerfBenchmarks", "src\samples\perf-benchmarks\PerfBenchmarks.csproj", "{DACA0F8C-60C3-673C-9DF6-6DCACD728438}"
EndProject
Project("{FAE04EC0-301F-11D3-BF4B-00C04F79EFBC}") = "PubsubChat", "src\samples\pubsub-chat\PubsubChat.csproj", "{195E4E65-B8FC-CC38-FA7B-F7C2886D620C}"
EndProject
Project("{FAE04EC0-301F-11D3-BF4B-00C04F79EFBC}") = "TransportInterop", "src\samples\transport-interop\TransportInterop.csproj", "{A9BD84C5-FBF9-DE34-77DB-3DF4793DC32A}"
EndProject
Global
	GlobalSection(SolutionConfigurationPlatforms) = preSolution
		Debug|Any CPU = Debug|Any CPU
		Release|Any CPU = Release|Any CPU
	EndGlobalSection
	GlobalSection(ProjectConfigurationPlatforms) = postSolution
		{EE1E439D-BF7D-798E-D3A2-300D833845A3}.Debug|Any CPU.ActiveCfg = Debug|Any CPU
		{EE1E439D-BF7D-798E-D3A2-300D833845A3}.Debug|Any CPU.Build.0 = Debug|Any CPU
		{EE1E439D-BF7D-798E-D3A2-300D833845A3}.Release|Any CPU.ActiveCfg = Release|Any CPU
		{EE1E439D-BF7D-798E-D3A2-300D833845A3}.Release|Any CPU.Build.0 = Release|Any CPU
		{87A27918-DDDE-D531-4F1D-A108EDC9A14F}.Debug|Any CPU.ActiveCfg = Debug|Any CPU
		{87A27918-DDDE-D531-4F1D-A108EDC9A14F}.Debug|Any CPU.Build.0 = Debug|Any CPU
		{87A27918-DDDE-D531-4F1D-A108EDC9A14F}.Release|Any CPU.ActiveCfg = Release|Any CPU
		{87A27918-DDDE-D531-4F1D-A108EDC9A14F}.Release|Any CPU.Build.0 = Release|Any CPU
		{3292B036-B239-3AFE-E22D-E88F69429B8C}.Debug|Any CPU.ActiveCfg = Debug|Any CPU
		{3292B036-B239-3AFE-E22D-E88F69429B8C}.Debug|Any CPU.Build.0 = Debug|Any CPU
		{3292B036-B239-3AFE-E22D-E88F69429B8C}.Release|Any CPU.ActiveCfg = Release|Any CPU
		{3292B036-B239-3AFE-E22D-E88F69429B8C}.Release|Any CPU.Build.0 = Release|Any CPU
		{A1209107-48FA-DE5D-69AD-210080A818BA}.Debug|Any CPU.ActiveCfg = Debug|Any CPU
		{A1209107-48FA-DE5D-69AD-210080A818BA}.Debug|Any CPU.Build.0 = Debug|Any CPU
		{A1209107-48FA-DE5D-69AD-210080A818BA}.Release|Any CPU.ActiveCfg = Release|Any CPU
		{A1209107-48FA-DE5D-69AD-210080A818BA}.Release|Any CPU.Build.0 = Release|Any CPU
		{EA091EA9-3C3D-FE8D-B382-992ADDAD794A}.Debug|Any CPU.ActiveCfg = Debug|Any CPU
		{EA091EA9-3C3D-FE8D-B382-992ADDAD794A}.Debug|Any CPU.Build.0 = Debug|Any CPU
		{EA091EA9-3C3D-FE8D-B382-992ADDAD794A}.Release|Any CPU.ActiveCfg = Release|Any CPU
		{EA091EA9-3C3D-FE8D-B382-992ADDAD794A}.Release|Any CPU.Build.0 = Release|Any CPU
		{E06FD938-E2BD-E415-9C99-2F1EBCF00E44}.Debug|Any CPU.ActiveCfg = Debug|Any CPU
		{E06FD938-E2BD-E415-9C99-2F1EBCF00E44}.Debug|Any CPU.Build.0 = Debug|Any CPU
		{E06FD938-E2BD-E415-9C99-2F1EBCF00E44}.Release|Any CPU.ActiveCfg = Release|Any CPU
		{E06FD938-E2BD-E415-9C99-2F1EBCF00E44}.Release|Any CPU.Build.0 = Release|Any CPU
		{59FB6168-AC7C-5C85-865F-E283A6355BF6}.Debug|Any CPU.ActiveCfg = Debug|Any CPU
		{59FB6168-AC7C-5C85-865F-E283A6355BF6}.Debug|Any CPU.Build.0 = Debug|Any CPU
		{59FB6168-AC7C-5C85-865F-E283A6355BF6}.Release|Any CPU.ActiveCfg = Release|Any CPU
		{59FB6168-AC7C-5C85-865F-E283A6355BF6}.Release|Any CPU.Build.0 = Release|Any CPU
		{AA57F3DA-F283-BEE3-8B67-29C62ED1EB05}.Debug|Any CPU.ActiveCfg = Debug|Any CPU
		{AA57F3DA-F283-BEE3-8B67-29C62ED1EB05}.Debug|Any CPU.Build.0 = Debug|Any CPU
		{AA57F3DA-F283-BEE3-8B67-29C62ED1EB05}.Release|Any CPU.ActiveCfg = Release|Any CPU
		{AA57F3DA-F283-BEE3-8B67-29C62ED1EB05}.Release|Any CPU.Build.0 = Release|Any CPU
		{1BBF5D99-359B-7C11-DC09-FDB7E2CEDFE2}.Debug|Any CPU.ActiveCfg = Debug|Any CPU
		{1BBF5D99-359B-7C11-DC09-FDB7E2CEDFE2}.Debug|Any CPU.Build.0 = Debug|Any CPU
		{1BBF5D99-359B-7C11-DC09-FDB7E2CEDFE2}.Release|Any CPU.ActiveCfg = Release|Any CPU
		{1BBF5D99-359B-7C11-DC09-FDB7E2CEDFE2}.Release|Any CPU.Build.0 = Release|Any CPU
		{F054AEFC-10B1-459B-0630-88735F2BEDDA}.Debug|Any CPU.ActiveCfg = Debug|Any CPU
		{F054AEFC-10B1-459B-0630-88735F2BEDDA}.Debug|Any CPU.Build.0 = Debug|Any CPU
		{F054AEFC-10B1-459B-0630-88735F2BEDDA}.Release|Any CPU.ActiveCfg = Release|Any CPU
		{F054AEFC-10B1-459B-0630-88735F2BEDDA}.Release|Any CPU.Build.0 = Release|Any CPU
		{5AB07157-3800-255C-C2FB-3558CF2807B8}.Debug|Any CPU.ActiveCfg = Debug|Any CPU
		{5AB07157-3800-255C-C2FB-3558CF2807B8}.Debug|Any CPU.Build.0 = Debug|Any CPU
		{5AB07157-3800-255C-C2FB-3558CF2807B8}.Release|Any CPU.ActiveCfg = Release|Any CPU
		{5AB07157-3800-255C-C2FB-3558CF2807B8}.Release|Any CPU.Build.0 = Release|Any CPU
		{A1E55619-4F27-F7C0-C2C1-0C067E36158D}.Debug|Any CPU.ActiveCfg = Debug|Any CPU
		{A1E55619-4F27-F7C0-C2C1-0C067E36158D}.Debug|Any CPU.Build.0 = Debug|Any CPU
		{A1E55619-4F27-F7C0-C2C1-0C067E36158D}.Release|Any CPU.ActiveCfg = Release|Any CPU
		{A1E55619-4F27-F7C0-C2C1-0C067E36158D}.Release|Any CPU.Build.0 = Release|Any CPU
		{14BE3460-8A81-6F08-9B57-D3DBE870CCC2}.Debug|Any CPU.ActiveCfg = Debug|Any CPU
		{14BE3460-8A81-6F08-9B57-D3DBE870CCC2}.Debug|Any CPU.Build.0 = Debug|Any CPU
		{14BE3460-8A81-6F08-9B57-D3DBE870CCC2}.Release|Any CPU.ActiveCfg = Release|Any CPU
		{14BE3460-8A81-6F08-9B57-D3DBE870CCC2}.Release|Any CPU.Build.0 = Release|Any CPU
		{97D3FE10-F36E-4CAF-C5E8-2236EF2D477E}.Debug|Any CPU.ActiveCfg = Debug|Any CPU
		{97D3FE10-F36E-4CAF-C5E8-2236EF2D477E}.Debug|Any CPU.Build.0 = Debug|Any CPU
		{97D3FE10-F36E-4CAF-C5E8-2236EF2D477E}.Release|Any CPU.ActiveCfg = Release|Any CPU
		{97D3FE10-F36E-4CAF-C5E8-2236EF2D477E}.Release|Any CPU.Build.0 = Release|Any CPU
		{0674FF49-DE2F-6D6B-B595-77F6FD41531F}.Debug|Any CPU.ActiveCfg = Debug|Any CPU
		{0674FF49-DE2F-6D6B-B595-77F6FD41531F}.Debug|Any CPU.Build.0 = Debug|Any CPU
		{0674FF49-DE2F-6D6B-B595-77F6FD41531F}.Release|Any CPU.ActiveCfg = Release|Any CPU
		{0674FF49-DE2F-6D6B-B595-77F6FD41531F}.Release|Any CPU.Build.0 = Release|Any CPU
		{6AB9B07B-4909-4D26-C1C8-61B7E963C6C2}.Debug|Any CPU.ActiveCfg = Debug|Any CPU
		{6AB9B07B-4909-4D26-C1C8-61B7E963C6C2}.Debug|Any CPU.Build.0 = Debug|Any CPU
		{6AB9B07B-4909-4D26-C1C8-61B7E963C6C2}.Release|Any CPU.ActiveCfg = Release|Any CPU
		{6AB9B07B-4909-4D26-C1C8-61B7E963C6C2}.Release|Any CPU.Build.0 = Release|Any CPU
		{BBF933DE-97D8-0681-66DE-65111CA8E808}.Debug|Any CPU.ActiveCfg = Debug|Any CPU
		{BBF933DE-97D8-0681-66DE-65111CA8E808}.Debug|Any CPU.Build.0 = Debug|Any CPU
		{BBF933DE-97D8-0681-66DE-65111CA8E808}.Release|Any CPU.ActiveCfg = Release|Any CPU
		{BBF933DE-97D8-0681-66DE-65111CA8E808}.Release|Any CPU.Build.0 = Release|Any CPU
		{F455BC6D-B311-339C-F9C1-F2A8EB23E325}.Debug|Any CPU.ActiveCfg = Debug|Any CPU
		{F455BC6D-B311-339C-F9C1-F2A8EB23E325}.Debug|Any CPU.Build.0 = Debug|Any CPU
		{F455BC6D-B311-339C-F9C1-F2A8EB23E325}.Release|Any CPU.ActiveCfg = Release|Any CPU
		{F455BC6D-B311-339C-F9C1-F2A8EB23E325}.Release|Any CPU.Build.0 = Release|Any CPU
		{5D519555-E973-ABF0-D631-6FEEC05A8403}.Debug|Any CPU.ActiveCfg = Debug|Any CPU
		{5D519555-E973-ABF0-D631-6FEEC05A8403}.Debug|Any CPU.Build.0 = Debug|Any CPU
		{5D519555-E973-ABF0-D631-6FEEC05A8403}.Release|Any CPU.ActiveCfg = Release|Any CPU
		{5D519555-E973-ABF0-D631-6FEEC05A8403}.Release|Any CPU.Build.0 = Release|Any CPU
		{7DF35E63-7E7C-F11A-8166-70581736F863}.Debug|Any CPU.ActiveCfg = Debug|Any CPU
		{7DF35E63-7E7C-F11A-8166-70581736F863}.Debug|Any CPU.Build.0 = Debug|Any CPU
		{7DF35E63-7E7C-F11A-8166-70581736F863}.Release|Any CPU.ActiveCfg = Release|Any CPU
		{7DF35E63-7E7C-F11A-8166-70581736F863}.Release|Any CPU.Build.0 = Release|Any CPU
		{0DB1ECB6-2620-4AEC-7D54-A08ED7301E0D}.Debug|Any CPU.ActiveCfg = Debug|Any CPU
		{0DB1ECB6-2620-4AEC-7D54-A08ED7301E0D}.Debug|Any CPU.Build.0 = Debug|Any CPU
		{0DB1ECB6-2620-4AEC-7D54-A08ED7301E0D}.Release|Any CPU.ActiveCfg = Release|Any CPU
		{0DB1ECB6-2620-4AEC-7D54-A08ED7301E0D}.Release|Any CPU.Build.0 = Release|Any CPU
		{630B03BA-3A4F-3748-4107-34D48187ACA0}.Debug|Any CPU.ActiveCfg = Debug|Any CPU
		{630B03BA-3A4F-3748-4107-34D48187ACA0}.Debug|Any CPU.Build.0 = Debug|Any CPU
		{630B03BA-3A4F-3748-4107-34D48187ACA0}.Release|Any CPU.ActiveCfg = Release|Any CPU
		{630B03BA-3A4F-3748-4107-34D48187ACA0}.Release|Any CPU.Build.0 = Release|Any CPU
		{8B1D884E-0156-6009-E77B-4D085B924002}.Debug|Any CPU.ActiveCfg = Debug|Any CPU
		{8B1D884E-0156-6009-E77B-4D085B924002}.Debug|Any CPU.Build.0 = Debug|Any CPU
		{8B1D884E-0156-6009-E77B-4D085B924002}.Release|Any CPU.ActiveCfg = Release|Any CPU
		{8B1D884E-0156-6009-E77B-4D085B924002}.Release|Any CPU.Build.0 = Release|Any CPU
		{8B7E914A-FE45-BB80-0240-028B4361182C}.Debug|Any CPU.ActiveCfg = Debug|Any CPU
		{8B7E914A-FE45-BB80-0240-028B4361182C}.Debug|Any CPU.Build.0 = Debug|Any CPU
		{8B7E914A-FE45-BB80-0240-028B4361182C}.Release|Any CPU.ActiveCfg = Release|Any CPU
		{8B7E914A-FE45-BB80-0240-028B4361182C}.Release|Any CPU.Build.0 = Release|Any CPU
		{6E9B9BAA-83A2-0E5A-3DF1-D0C112D07A23}.Debug|Any CPU.ActiveCfg = Debug|Any CPU
		{6E9B9BAA-83A2-0E5A-3DF1-D0C112D07A23}.Debug|Any CPU.Build.0 = Debug|Any CPU
		{6E9B9BAA-83A2-0E5A-3DF1-D0C112D07A23}.Release|Any CPU.ActiveCfg = Release|Any CPU
		{6E9B9BAA-83A2-0E5A-3DF1-D0C112D07A23}.Release|Any CPU.Build.0 = Release|Any CPU
		{E478B4D0-00F9-6FAA-4941-A017242C212B}.Debug|Any CPU.ActiveCfg = Debug|Any CPU
		{E478B4D0-00F9-6FAA-4941-A017242C212B}.Debug|Any CPU.Build.0 = Debug|Any CPU
		{E478B4D0-00F9-6FAA-4941-A017242C212B}.Release|Any CPU.ActiveCfg = Release|Any CPU
		{E478B4D0-00F9-6FAA-4941-A017242C212B}.Release|Any CPU.Build.0 = Release|Any CPU
		{2AC4E3CB-B6E2-D1DF-3F2D-B7005302CC5E}.Debug|Any CPU.ActiveCfg = Debug|Any CPU
		{2AC4E3CB-B6E2-D1DF-3F2D-B7005302CC5E}.Debug|Any CPU.Build.0 = Debug|Any CPU
		{2AC4E3CB-B6E2-D1DF-3F2D-B7005302CC5E}.Release|Any CPU.ActiveCfg = Release|Any CPU
		{2AC4E3CB-B6E2-D1DF-3F2D-B7005302CC5E}.Release|Any CPU.Build.0 = Release|Any CPU
		{D84542DB-5874-7F80-2255-EFDBEB09DAD5}.Debug|Any CPU.ActiveCfg = Debug|Any CPU
		{D84542DB-5874-7F80-2255-EFDBEB09DAD5}.Debug|Any CPU.Build.0 = Debug|Any CPU
		{D84542DB-5874-7F80-2255-EFDBEB09DAD5}.Release|Any CPU.ActiveCfg = Release|Any CPU
		{D84542DB-5874-7F80-2255-EFDBEB09DAD5}.Release|Any CPU.Build.0 = Release|Any CPU
		{87F545A9-F917-3965-BAB1-F044C35AE50C}.Debug|Any CPU.ActiveCfg = Debug|Any CPU
		{87F545A9-F917-3965-BAB1-F044C35AE50C}.Debug|Any CPU.Build.0 = Debug|Any CPU
		{87F545A9-F917-3965-BAB1-F044C35AE50C}.Release|Any CPU.ActiveCfg = Release|Any CPU
		{87F545A9-F917-3965-BAB1-F044C35AE50C}.Release|Any CPU.Build.0 = Release|Any CPU
		{44D3B895-DC61-5D52-9DF1-42C1D596728D}.Debug|Any CPU.ActiveCfg = Debug|Any CPU
		{44D3B895-DC61-5D52-9DF1-42C1D596728D}.Debug|Any CPU.Build.0 = Debug|Any CPU
		{44D3B895-DC61-5D52-9DF1-42C1D596728D}.Release|Any CPU.ActiveCfg = Release|Any CPU
		{44D3B895-DC61-5D52-9DF1-42C1D596728D}.Release|Any CPU.Build.0 = Release|Any CPU
		{4C2DC20B-3833-606A-65A9-FC5D6B3E0CF3}.Debug|Any CPU.ActiveCfg = Debug|Any CPU
		{4C2DC20B-3833-606A-65A9-FC5D6B3E0CF3}.Debug|Any CPU.Build.0 = Debug|Any CPU
		{4C2DC20B-3833-606A-65A9-FC5D6B3E0CF3}.Release|Any CPU.ActiveCfg = Release|Any CPU
		{4C2DC20B-3833-606A-65A9-FC5D6B3E0CF3}.Release|Any CPU.Build.0 = Release|Any CPU
		{CE418773-C0F9-2D86-0119-BEFEE86F36F4}.Debug|Any CPU.ActiveCfg = Debug|Any CPU
		{CE418773-C0F9-2D86-0119-BEFEE86F36F4}.Debug|Any CPU.Build.0 = Debug|Any CPU
		{CE418773-C0F9-2D86-0119-BEFEE86F36F4}.Release|Any CPU.ActiveCfg = Release|Any CPU
		{CE418773-C0F9-2D86-0119-BEFEE86F36F4}.Release|Any CPU.Build.0 = Release|Any CPU
		{80B85679-C1F0-A513-399A-426B5D299405}.Debug|Any CPU.ActiveCfg = Debug|Any CPU
		{80B85679-C1F0-A513-399A-426B5D299405}.Debug|Any CPU.Build.0 = Debug|Any CPU
		{80B85679-C1F0-A513-399A-426B5D299405}.Release|Any CPU.ActiveCfg = Release|Any CPU
		{80B85679-C1F0-A513-399A-426B5D299405}.Release|Any CPU.Build.0 = Release|Any CPU
		{2C973D90-9AA0-D468-FCEE-452E9883D090}.Debug|Any CPU.ActiveCfg = Debug|Any CPU
		{2C973D90-9AA0-D468-FCEE-452E9883D090}.Debug|Any CPU.Build.0 = Debug|Any CPU
		{2C973D90-9AA0-D468-FCEE-452E9883D090}.Release|Any CPU.ActiveCfg = Release|Any CPU
		{2C973D90-9AA0-D468-FCEE-452E9883D090}.Release|Any CPU.Build.0 = Release|Any CPU
		{41DE3B4B-3C72-9CCA-C4FB-2B1B410DFA03}.Debug|Any CPU.ActiveCfg = Debug|Any CPU
		{41DE3B4B-3C72-9CCA-C4FB-2B1B410DFA03}.Debug|Any CPU.Build.0 = Debug|Any CPU
		{41DE3B4B-3C72-9CCA-C4FB-2B1B410DFA03}.Release|Any CPU.ActiveCfg = Release|Any CPU
		{41DE3B4B-3C72-9CCA-C4FB-2B1B410DFA03}.Release|Any CPU.Build.0 = Release|Any CPU
		{DACA0F8C-60C3-673C-9DF6-6DCACD728438}.Debug|Any CPU.ActiveCfg = Debug|Any CPU
		{DACA0F8C-60C3-673C-9DF6-6DCACD728438}.Debug|Any CPU.Build.0 = Debug|Any CPU
		{DACA0F8C-60C3-673C-9DF6-6DCACD728438}.Release|Any CPU.ActiveCfg = Release|Any CPU
		{DACA0F8C-60C3-673C-9DF6-6DCACD728438}.Release|Any CPU.Build.0 = Release|Any CPU
		{195E4E65-B8FC-CC38-FA7B-F7C2886D620C}.Debug|Any CPU.ActiveCfg = Debug|Any CPU
		{195E4E65-B8FC-CC38-FA7B-F7C2886D620C}.Debug|Any CPU.Build.0 = Debug|Any CPU
		{195E4E65-B8FC-CC38-FA7B-F7C2886D620C}.Release|Any CPU.ActiveCfg = Release|Any CPU
		{195E4E65-B8FC-CC38-FA7B-F7C2886D620C}.Release|Any CPU.Build.0 = Release|Any CPU
		{A9BD84C5-FBF9-DE34-77DB-3DF4793DC32A}.Debug|Any CPU.ActiveCfg = Debug|Any CPU
		{A9BD84C5-FBF9-DE34-77DB-3DF4793DC32A}.Debug|Any CPU.Build.0 = Debug|Any CPU
		{A9BD84C5-FBF9-DE34-77DB-3DF4793DC32A}.Release|Any CPU.ActiveCfg = Release|Any CPU
		{A9BD84C5-FBF9-DE34-77DB-3DF4793DC32A}.Release|Any CPU.Build.0 = Release|Any CPU
	EndGlobalSection
	GlobalSection(SolutionProperties) = preSolution
		HideSolutionNode = FALSE
	EndGlobalSection
	GlobalSection(NestedProjects) = preSolution
		{D0839496-A242-3AA1-5A4D-E8CDDAC082DD} = {827E0CD3-B72D-47B6-A68D-7590B98EB39B}
		{EE1E439D-BF7D-798E-D3A2-300D833845A3} = {D0839496-A242-3AA1-5A4D-E8CDDAC082DD}
		{87A27918-DDDE-D531-4F1D-A108EDC9A14F} = {D0839496-A242-3AA1-5A4D-E8CDDAC082DD}
		{3292B036-B239-3AFE-E22D-E88F69429B8C} = {D0839496-A242-3AA1-5A4D-E8CDDAC082DD}
		{A1209107-48FA-DE5D-69AD-210080A818BA} = {D0839496-A242-3AA1-5A4D-E8CDDAC082DD}
		{EA091EA9-3C3D-FE8D-B382-992ADDAD794A} = {D0839496-A242-3AA1-5A4D-E8CDDAC082DD}
		{E06FD938-E2BD-E415-9C99-2F1EBCF00E44} = {D0839496-A242-3AA1-5A4D-E8CDDAC082DD}
		{59FB6168-AC7C-5C85-865F-E283A6355BF6} = {D0839496-A242-3AA1-5A4D-E8CDDAC082DD}
		{AA57F3DA-F283-BEE3-8B67-29C62ED1EB05} = {D0839496-A242-3AA1-5A4D-E8CDDAC082DD}
		{1BBF5D99-359B-7C11-DC09-FDB7E2CEDFE2} = {D0839496-A242-3AA1-5A4D-E8CDDAC082DD}
		{F054AEFC-10B1-459B-0630-88735F2BEDDA} = {D0839496-A242-3AA1-5A4D-E8CDDAC082DD}
		{5AB07157-3800-255C-C2FB-3558CF2807B8} = {D0839496-A242-3AA1-5A4D-E8CDDAC082DD}
		{A1E55619-4F27-F7C0-C2C1-0C067E36158D} = {D0839496-A242-3AA1-5A4D-E8CDDAC082DD}
		{14BE3460-8A81-6F08-9B57-D3DBE870CCC2} = {D0839496-A242-3AA1-5A4D-E8CDDAC082DD}
		{97D3FE10-F36E-4CAF-C5E8-2236EF2D477E} = {D0839496-A242-3AA1-5A4D-E8CDDAC082DD}
		{0674FF49-DE2F-6D6B-B595-77F6FD41531F} = {D0839496-A242-3AA1-5A4D-E8CDDAC082DD}
		{6AB9B07B-4909-4D26-C1C8-61B7E963C6C2} = {D0839496-A242-3AA1-5A4D-E8CDDAC082DD}
		{BBF933DE-97D8-0681-66DE-65111CA8E808} = {D0839496-A242-3AA1-5A4D-E8CDDAC082DD}
		{F455BC6D-B311-339C-F9C1-F2A8EB23E325} = {D0839496-A242-3AA1-5A4D-E8CDDAC082DD}
		{5D519555-E973-ABF0-D631-6FEEC05A8403} = {D0839496-A242-3AA1-5A4D-E8CDDAC082DD}
		{7DF35E63-7E7C-F11A-8166-70581736F863} = {D0839496-A242-3AA1-5A4D-E8CDDAC082DD}
		{0DB1ECB6-2620-4AEC-7D54-A08ED7301E0D} = {D0839496-A242-3AA1-5A4D-E8CDDAC082DD}
		{630B03BA-3A4F-3748-4107-34D48187ACA0} = {D0839496-A242-3AA1-5A4D-E8CDDAC082DD}
		{8B1D884E-0156-6009-E77B-4D085B924002} = {D0839496-A242-3AA1-5A4D-E8CDDAC082DD}
		{8B7E914A-FE45-BB80-0240-028B4361182C} = {D0839496-A242-3AA1-5A4D-E8CDDAC082DD}
		{6E9B9BAA-83A2-0E5A-3DF1-D0C112D07A23} = {D0839496-A242-3AA1-5A4D-E8CDDAC082DD}
		{E478B4D0-00F9-6FAA-4941-A017242C212B} = {D0839496-A242-3AA1-5A4D-E8CDDAC082DD}
		{2AC4E3CB-B6E2-D1DF-3F2D-B7005302CC5E} = {D0839496-A242-3AA1-5A4D-E8CDDAC082DD}
		{D84542DB-5874-7F80-2255-EFDBEB09DAD5} = {D0839496-A242-3AA1-5A4D-E8CDDAC082DD}
		{87F545A9-F917-3965-BAB1-F044C35AE50C} = {D0839496-A242-3AA1-5A4D-E8CDDAC082DD}
		{44D3B895-DC61-5D52-9DF1-42C1D596728D} = {D0839496-A242-3AA1-5A4D-E8CDDAC082DD}
		{4C2DC20B-3833-606A-65A9-FC5D6B3E0CF3} = {D0839496-A242-3AA1-5A4D-E8CDDAC082DD}
		{CE418773-C0F9-2D86-0119-BEFEE86F36F4} = {D0839496-A242-3AA1-5A4D-E8CDDAC082DD}
		{D1B4CF99-7947-DD6C-81D0-5B5B3989814C} = {827E0CD3-B72D-47B6-A68D-7590B98EB39B}
		{80B85679-C1F0-A513-399A-426B5D299405} = {D1B4CF99-7947-DD6C-81D0-5B5B3989814C}
		{2C973D90-9AA0-D468-FCEE-452E9883D090} = {D1B4CF99-7947-DD6C-81D0-5B5B3989814C}
		{41DE3B4B-3C72-9CCA-C4FB-2B1B410DFA03} = {D1B4CF99-7947-DD6C-81D0-5B5B3989814C}
		{DACA0F8C-60C3-673C-9DF6-6DCACD728438} = {D1B4CF99-7947-DD6C-81D0-5B5B3989814C}
		{195E4E65-B8FC-CC38-FA7B-F7C2886D620C} = {D1B4CF99-7947-DD6C-81D0-5B5B3989814C}
		{A9BD84C5-FBF9-DE34-77DB-3DF4793DC32A} = {D1B4CF99-7947-DD6C-81D0-5B5B3989814C}
	EndGlobalSection
	GlobalSection(ExtensibilityGlobals) = postSolution
		SolutionGuid = {45AF88A2-4171-4D65-870F-E6E5105DEE87}
	EndGlobalSection
EndGlobal
