{
  "version": 1,
  "dependencies": {
    "net10.0": {
      "Microsoft.Extensions.DependencyInjection": {
        "type": "Direct",
        "requested": "[10.0.0, )",
        "resolved": "10.0.0",
        "contentHash": "f0RBabswJq+gRu5a+hWIobrLWiUYPKMhCD9WO3sYBAdSy3FFH14LMvLVFZc2kPSCimBLxSuitUhsd6tb0TAY6A==",
        "dependencies": {
          "Microsoft.Extensions.DependencyInjection.Abstractions": "10.0.0"
        }
      },
      "Microsoft.Extensions.Logging": {
        "type": "Direct",
        "requested": "[10.0.0, )",
        "resolved": "10.0.0",
        "contentHash": "BStFkd5CcnEtarlcgYDBcFzGYCuuNMzPs02wN3WBsOFoYIEmYoUdAiU+au6opzoqfTYJsMTW00AeqDdnXH2CvA==",
        "dependencies": {
          "Microsoft.Extensions.DependencyInjection": "10.0.0",
          "Microsoft.Extensions.Logging.Abstractions": "10.0.0",
          "Microsoft.Extensions.Options": "10.0.0"
        }
      },
      "Microsoft.Extensions.Logging.Abstractions": {
        "type": "Direct",
        "requested": "[10.0.0, )",
        "resolved": "10.0.0",
        "contentHash": "FU/IfjDfwaMuKr414SSQNTIti/69bHEMb+QKrskRb26oVqpx3lNFXMjs/RC9ZUuhBhcwDM2BwOgoMw+PZ+beqQ==",
        "dependencies": {
          "Microsoft.Extensions.DependencyInjection.Abstractions": "10.0.0"
        }
      },
      "Microsoft.Extensions.Logging.Console": {
        "type": "Direct",
        "requested": "[10.0.0, )",
        "resolved": "10.0.0",
        "contentHash": "treWetuksp8LVb09fCJ5zNhNJjyDkqzVm83XxcrlWQnAdXznR140UUXo8PyEPBvFlHhjKhFQZEOP3Sk/ByCvEw==",
        "dependencies": {
          "Microsoft.Extensions.DependencyInjection.Abstractions": "10.0.0",
          "Microsoft.Extensions.Logging": "10.0.0",
          "Microsoft.Extensions.Logging.Abstractions": "10.0.0",
          "Microsoft.Extensions.Logging.Configuration": "10.0.0",
          "Microsoft.Extensions.Options": "10.0.0"
        }
      },
      "NRedisStack": {
        "type": "Direct",
        "requested": "[1.1.1, )",
        "resolved": "1.1.1",
        "contentHash": "h/bwL3IVPnp9yx37sZpreJRL32fLdpmIAIpwucheqPtR6i4mrcPV/t4rqQiKbSm2K+lEBabZ6NDu7adbql+aLw==",
        "dependencies": {
          "StackExchange.Redis": "2.9.17"
        }
      },
      "BinaryEncoding": {
        "type": "Transitive",
        "resolved": "1.4.0",
        "contentHash": "1cnkP90c+zNcRyabjKSA3VYJvpYfkGEpXeekfF8KdTFo3VyUUFOioAsANbG8nsMyedGcmUOqHWd1d3fOXke4VA==",
        "dependencies": {
          "NETStandard.Library": "1.6.1"
        }
      },
      "BouncyCastle.Cryptography": {
        "type": "Transitive",
        "resolved": "2.6.2",
        "contentHash": "7oWOcvnntmMKNzDLsdxAYqApt+AjpRpP2CShjMfIa3umZ42UQMvH0tl1qAliYPNYO6vTdcGMqnRrCPmsfzTI1w=="
      },
      "Common.Logging": {
        "type": "Transitive",
        "resolved": "3.4.1",
        "contentHash": "5eZ/vgEOqzLg4PypZqnJ+wMhhgHyckicbZY4iDxqQ4FtOz0CpdYZ0xQ78aszMzeAJZiLLb5VdR9tPfunVQLz6g==",
        "dependencies": {
          "Common.Logging.Core": "3.4.1"
        }
      },
      "Common.Logging.Core": {
        "type": "Transitive",
        "resolved": "3.4.1",
        "contentHash": "wLHldZHvxsSD6Ahonfj00/SkfHfKqO+YT6jsUwVm8Rch1REL9IArHAcSLXxYxYfu5/4ydGtmXvOtaH3AkVPu0A=="
      },
      "DnsClient": {
        "type": "Transitive",
        "resolved": "1.8.0",
        "contentHash": "RRwtaCXkXWsx0mmsReGDqCbRLtItfUbkRJlet1FpdciVhyMGKcPd57T1+8Jki9ojHlq9fntVhXQroOOgRak8DQ=="
      },
      "Google.Protobuf": {
        "type": "Transitive",
        "resolved": "3.33.1",
        "contentHash": "RztiFmX9aOWDwfhxFzx/nS4fjs4DX7ZC7/XBEBl56k15lPGBftvbSwZkeo1mMCJHrNp1kK5iQYrFXB4MqCmBCA=="
      },
      "IPNetwork2": {
        "type": "Transitive",
        "resolved": "2.1.2",
        "contentHash": "DZF2SbtyqukkLSzyu0KqcXUBdhDXQ/K3QWM27vlvdPo3W+iI81pgUCNTwyynNyVc5Q9AIn0znFVVhHGbhiofUg==",
        "dependencies": {
          "NETStandard.Library": "1.6.1"
        }
      },
      "libsodium": {
        "type": "Transitive",
        "resolved": "1.0.20.1",
        "contentHash": "pkiceEqJDQFHjbga3k/oPfTVX9g+GKJZ1VrkuiLhaymt9YNw1Dr7cX9hNuZuNaWcr9WD0moW55k4pMwzQ7JaZQ=="
      },
      "Makaretu.Dns": {
        "type": "Transitive",
        "resolved": "2.0.1",
        "contentHash": "qe/5w5Q/i2Xz2ZnCq3E49kLAtVFRuuBn40C1mQPWbLDwlHM0KVDzCkFqwxDedv7JgQis66Z9AZKyo1zCTRrdYA==",
        "dependencies": {
          "SimpleBase": "1.3.1"
        }
      },
      "Makaretu.Dns.Multicast": {
        "type": "Transitive",
        "resolved": "0.27.0",
        "contentHash": "MTMq3vca9yw8sMW0knox/lZcAkDghmH6FVLTRInJZWbuYE99QI/9k9EujsXusWQ8oDySXb/gX92bfZipKehQgw==",
        "dependencies": {
          "Common.Logging": "3.4.1",
          "IPNetwork2": "2.1.2",
          "Makaretu.Dns": "2.0.1",
          "Tmds.LibC": "0.2.0"
        }
      },
      "Microsoft.Extensions.Configuration": {
        "type": "Transitive",
        "resolved": "10.0.0",
        "contentHash": "H4SWETCh/cC5L1WtWchHR6LntGk3rDTTznZMssr4cL8IbDmMWBxY+MOGDc/ASnqNolLKPIWHWeuC1ddiL/iNPw==",
        "dependencies": {
          "Microsoft.Extensions.Configuration.Abstractions": "10.0.0",
          "Microsoft.Extensions.Primitives": "10.0.0"
        }
      },
      "Microsoft.Extensions.Configuration.Abstractions": {
        "type": "Transitive",
        "resolved": "10.0.0",
        "contentHash": "d2kDKnCsJvY7mBVhcjPSp9BkJk48DsaHPg5u+Oy4f8XaOqnEedRy/USyvnpHL92wpJ6DrTPy7htppUUzskbCXQ==",
        "dependencies": {
          "Microsoft.Extensions.Primitives": "10.0.0"
        }
      },
      "Microsoft.Extensions.Configuration.Binder": {
        "type": "Transitive",
        "resolved": "10.0.0",
        "contentHash": "tMF9wNh+hlyYDWB8mrFCQHQmWHlRosol1b/N2Jrefy1bFLnuTlgSYmPyHNmz8xVQgs7DpXytBRWxGhG+mSTp0g==",
        "dependencies": {
          "Microsoft.Extensions.Configuration": "10.0.0",
          "Microsoft.Extensions.Configuration.Abstractions": "10.0.0"
        }
      },
      "Microsoft.Extensions.DependencyInjection.Abstractions": {
        "type": "Transitive",
        "resolved": "10.0.0",
        "contentHash": "L3AdmZ1WOK4XXT5YFPEwyt0ep6l8lGIPs7F5OOBZc77Zqeo01Of7XXICy47628sdVl0v/owxYJTe86DTgFwKCA=="
      },
      "Microsoft.Extensions.Logging.Configuration": {
        "type": "Transitive",
        "resolved": "10.0.0",
        "contentHash": "j8zcwhS6bYB6FEfaY3nYSgHdpiL2T+/V3xjpHtslVAegyI1JUbB9yAt/BFdvZdsNbY0Udm4xFtvfT/hUwcOOOg==",
        "dependencies": {
          "Microsoft.Extensions.Configuration": "10.0.0",
          "Microsoft.Extensions.Configuration.Abstractions": "10.0.0",
          "Microsoft.Extensions.Configuration.Binder": "10.0.0",
          "Microsoft.Extensions.DependencyInjection.Abstractions": "10.0.0",
          "Microsoft.Extensions.Logging": "10.0.0",
          "Microsoft.Extensions.Logging.Abstractions": "10.0.0",
          "Microsoft.Extensions.Options": "10.0.0",
          "Microsoft.Extensions.Options.ConfigurationExtensions": "10.0.0"
        }
      },
      "Microsoft.Extensions.Options": {
        "type": "Transitive",
        "resolved": "10.0.0",
        "contentHash": "8oCAgXOow5XDrY9HaXX1QmH3ORsyZO/ANVHBlhLyCeWTH5Sg4UuqZeOTWJi6484M+LqSx0RqQXDJtdYy2BNiLQ==",
        "dependencies": {
          "Microsoft.Extensions.DependencyInjection.Abstractions": "10.0.0",
          "Microsoft.Extensions.Primitives": "10.0.0"
        }
      },
      "Microsoft.Extensions.Options.ConfigurationExtensions": {
        "type": "Transitive",
        "resolved": "10.0.0",
        "contentHash": "tL9cSl3maS5FPzp/3MtlZI21ExWhni0nnUCF8HY4npTsINw45n9SNDbkKXBMtFyUFGSsQep25fHIDN4f/Vp3AQ==",
        "dependencies": {
          "Microsoft.Extensions.Configuration.Abstractions": "10.0.0",
          "Microsoft.Extensions.Configuration.Binder": "10.0.0",
          "Microsoft.Extensions.DependencyInjection.Abstractions": "10.0.0",
          "Microsoft.Extensions.Options": "10.0.0",
          "Microsoft.Extensions.Primitives": "10.0.0"
        }
      },
      "Microsoft.Extensions.Primitives": {
        "type": "Transitive",
        "resolved": "10.0.0",
        "contentHash": "inRnbpCS0nwO/RuoZIAqxQUuyjaknOOnCEZB55KSMMjRhl0RQDttSmLSGsUJN3RQ3ocf5NDLFd2mOQViHqMK5w=="
      },
      "Microsoft.NETCore.Platforms": {
        "type": "Transitive",
        "resolved": "1.1.0",
        "contentHash": "kz0PEW2lhqygehI/d6XsPCQzD7ff7gUJaVGPVETX611eadGsA3A877GdSlU0LRVMCTH/+P3o2iDTak+S08V2+A=="
      },
      "murmurhash": {
        "type": "Transitive",
        "resolved": "1.0.2",
        "contentHash": "Yw9+sYL3qdTEXDKAEeiXsVwsP2K2nyWOxgvbDD1w5j+yu0CYk5edLvGmmJHqqFxuBFrVsgb7iF2XGprRlt+SEA=="
      },
      "Nethermind.Multiformats.Address": {
        "type": "Transitive",
        "resolved": "1.1.9",
        "contentHash": "1SQz4yMKkFABtZmQVxeUhKUwJhS/tUUG1BosGZHiVPT5nUf2N+sBA/Jv70OK3/RE64fK+LHjeB7dOq2g2GI7TA==",
        "dependencies": {
          "BinaryEncoding": "1.4.0",
          "Nethermind.Multiformats.Base": "2.0.3-preview.1",
          "Nethermind.Multiformats.Hash": "1.5.2-preview.1"
        }
      },
      "Nethermind.Multiformats.Base": {
        "type": "Transitive",
        "resolved": "2.0.3-preview.1",
        "contentHash": "jrowPK2H6xlBnW4uwlGG6mZQvkHj1m9ktlItJEL26zZAH1UKAN7/kUv+SYDJYrKVAstQ4XuQ3KlisXREldrKBg=="
      },
      "Nethermind.Multiformats.Hash": {
        "type": "Transitive",
        "resolved": "1.5.2-preview.1",
        "contentHash": "NBS6KNsXeL19MHE4WdT6XkkGqsvqAFX0JiOxPA+BA/+HnvrHaQm1Z1EdGN9R3mdJZtxLk113Ccr3lfIL8d/b1w==",
        "dependencies": {
          "BinaryEncoding": "1.4.0",
          "BouncyCastle.Cryptography": "2.4.0",
          "Nethermind.Multiformats.Base": "2.0.3-preview.1",
          "System.Composition": "1.2.0",
          "murmurhash": "1.0.2"
        }
      },
      "NETStandard.Library": {
        "type": "Transitive",
        "resolved": "1.6.1",
        "contentHash": "WcSp3+vP+yHNgS8EV5J7pZ9IRpeDuARBPN28by8zqff1wJQXm26PVU8L3/fYLBJVU7BtDyqNVWq2KlCVvSSR4A==",
        "dependencies": {
          "Microsoft.NETCore.Platforms": "1.1.0"
        }
      },
      "Noise.NET": {
        "type": "Transitive",
        "resolved": "1.0.0",
        "contentHash": "fYnHQ8yZcj9W0fPGbzMkZUnE14aGGTFS8WE0Ow2hXiGhJ61Tv71cTi1yuugHxPCLyb87JpWMkq4lix8Rf06vtA==",
        "dependencies": {
          "NETStandard.Library": "1.6.1",
          "libsodium": "1.0.16"
        }
      },
      "Pipelines.Sockets.Unofficial": {
        "type": "Transitive",
        "resolved": "2.2.8",
        "contentHash": "zG2FApP5zxSx6OcdJQLbZDk2AVlN2BNQD6MorwIfV6gVj0RRxWPEp2LXAxqDGZqeNV1Zp0BNPcNaey/GXmTdvQ=="
      },
      "SimpleBase": {
        "type": "Transitive",
        "resolved": "4.0.2",
        "contentHash": "sNKHP2Qzy4DafamgH44UGg1YeyHFT08AMgHPraxYt4CVBoHHYD5f0MjbBfdmtGca69xikPU5aV8H+MMP7ZnfIg=="
      },
      "StackExchange.Redis": {
        "type": "Transitive",
        "resolved": "2.9.17",
        "contentHash": "Enpv0bfMP6SRownWx1CmaHantT9626Z6QSdHOidKlm0zLrBaPe7ueQf5phJH6Zkf3lDe5rr6JvXAgEP1ogijug==",
        "dependencies": {
          "Microsoft.Extensions.Logging.Abstractions": "8.0.0",
          "Pipelines.Sockets.Unofficial": "2.2.8"
        }
      },
      "System.Composition": {
        "type": "Transitive",
        "resolved": "1.2.0",
        "contentHash": "nTgIj77StlLM7CW3uFM3B/0Yen5udzaeSQcdSCVV3wIlRGYsXYLjZWTYa9m8IBjQiyZKsukKYaogqhOa6QUlDA==",
        "dependencies": {
          "System.Composition.AttributedModel": "1.2.0",
          "System.Composition.Convention": "1.2.0",
          "System.Composition.Hosting": "1.2.0",
          "System.Composition.Runtime": "1.2.0",
          "System.Composition.TypedParts": "1.2.0"
        }
      },
      "System.Composition.AttributedModel": {
        "type": "Transitive",
        "resolved": "1.2.0",
        "contentHash": "IQ2bn1BR/Q7gapjnXR/HGh0BMtjYVU0t0uPZ3LXE4yfwjM7x/HcImJxwwhUtnL+YWU5/pTOhzZnqsjwKJpWaug=="
      },
      "System.Composition.Convention": {
        "type": "Transitive",
        "resolved": "1.2.0",
        "contentHash": "g9PSAdL/0dT3GZbdwt5r238RLHfnn+ujRVhoOGvVNjbbhlgZeKcDA+zsje4Y81csMywAPsDXkeXrBigtjINurg==",
        "dependencies": {
          "System.Composition.AttributedModel": "1.2.0"
        }
      },
      "System.Composition.Hosting": {
        "type": "Transitive",
        "resolved": "1.2.0",
        "contentHash": "NQa4OanHFuWVpMuj3+0RnoAq2v+5KQNA3+EYuhmuDbOfR06o7rYjzs9FHP0XWJWN85vqnM76dgAgj46OYsDV8A==",
        "dependencies": {
          "System.Composition.Runtime": "1.2.0"
        }
      },
      "System.Composition.Runtime": {
        "type": "Transitive",
        "resolved": "1.2.0",
        "contentHash": "F8Ef3y9/JKbK4lEqJScFnfhT8/CwboGS890a/Js9E11wb1N6rl63pU8wxRPmy2MUUUHSafxrF3ooIh94pNEF0g=="
      },
      "System.Composition.TypedParts": {
        "type": "Transitive",
        "resolved": "1.2.0",
        "contentHash": "cLjoUGnaLRkJSwL6FLEx3aJanDgwEtyoEqf9cE6Z5ipbjNXAlk7W11uwNfHaECxdPa/QfGbvaRd4i24gxc5ygg==",
        "dependencies": {
          "System.Composition.AttributedModel": "1.2.0",
          "System.Composition.Hosting": "1.2.0",
          "System.Composition.Runtime": "1.2.0"
        }
      },
      "Tmds.LibC": {
        "type": "Transitive",
        "resolved": "0.2.0",
        "contentHash": "+RvLuNHOLW7cxzgDe9yHLoayBgjsuH2/gJtJnuVMxweKrxxYT6TwQNAmt06SFWpjwk68aRcwwD4FfMMA6tZvVA=="
      },
      "Nethermind.Libp2p": {
        "type": "Project",
        "dependencies": {
          "Microsoft.Extensions.DependencyInjection": "[10.0.0, )",
          "Microsoft.Extensions.Logging": "[10.0.0, )",
          "Microsoft.Extensions.Logging.Console": "[10.0.0, )",
          "Nethermind.Libp2p.Core": "[1.0.0, )",
          "Nethermind.Libp2p.Protocols.Identify": "[1.0.0, )",
          "Nethermind.Libp2p.Protocols.IpTcp": "[1.0.0, )",
          "Nethermind.Libp2p.Protocols.MDns": "[1.0.0, )",
          "Nethermind.Libp2p.Protocols.Multistream": "[1.0.0, )",
          "Nethermind.Libp2p.Protocols.Noise": "[1.0.0, )",
          "Nethermind.Libp2p.Protocols.Ping": "[1.0.0, )",
          "Nethermind.Libp2p.Protocols.Plaintext": "[1.0.0, )",
          "Nethermind.Libp2p.Protocols.Pubsub": "[1.0.0, )",
          "Nethermind.Libp2p.Protocols.PubsubPeerDiscovery": "[1.0.0, )",
          "Nethermind.Libp2p.Protocols.Relay": "[1.0.0, )",
          "Nethermind.Libp2p.Protocols.RequestResponse": "[1.0.0, )",
          "Nethermind.Libp2p.Protocols.Tls": "[1.0.0, )",
          "Nethermind.Libp2p.Protocols.Yamux": "[1.0.0, )"
        }
      },
      "Nethermind.Libp2p.Core": {
        "type": "Project",
        "dependencies": {
          "BouncyCastle.Cryptography": "[2.6.2, )",
          "DnsClient": "[1.8.0, )",
          "Google.Protobuf": "[3.33.1, )",
          "Microsoft.Extensions.DependencyInjection": "[10.0.0, )",
          "Microsoft.Extensions.DependencyInjection.Abstractions": "[10.0.0, )",
          "Microsoft.Extensions.Logging.Abstractions": "[10.0.0, )",
          "Nethermind.Multiformats.Address": "[1.1.9, )",
          "SimpleBase": "[4.0.2, )"
        }
      },
      "Nethermind.Libp2p.Protocols.Identify": {
        "type": "Project",
        "dependencies": {
          "Google.Protobuf": "[3.33.1, )",
          "Microsoft.Extensions.Logging.Abstractions": "[10.0.0, )",
          "Nethermind.Libp2p.Core": "[1.0.0, )",
          "Nethermind.Libp2p.Protocols.IpTcp": "[1.0.0, )"
        }
      },
      "Nethermind.Libp2p.Protocols.IpTcp": {
        "type": "Project",
        "dependencies": {
          "Microsoft.Extensions.Logging.Abstractions": "[10.0.0, )",
          "Nethermind.Libp2p.Core": "[1.0.0, )"
        }
      },
      "Nethermind.Libp2p.Protocols.MDns": {
        "type": "Project",
        "dependencies": {
          "Makaretu.Dns.Multicast": "[0.27.0, )",
          "Microsoft.Extensions.Logging.Abstractions": "[10.0.0, )",
          "Nethermind.Libp2p.Core": "[1.0.0, )"
        }
      },
      "Nethermind.Libp2p.Protocols.Multistream": {
        "type": "Project",
        "dependencies": {
          "Nethermind.Libp2p.Core": "[1.0.0, )"
        }
      },
      "Nethermind.Libp2p.Protocols.Noise": {
        "type": "Project",
        "dependencies": {
          "BouncyCastle.Cryptography": "[2.6.2, )",
          "Google.Protobuf": "[3.33.1, )",
          "Nethermind.Libp2p.Core": "[1.0.0, )",
          "Noise.NET": "[1.0.0, )",
          "libsodium": "[1.0.20.1, )"
        }
      },
      "Nethermind.Libp2p.Protocols.Ping": {
        "type": "Project",
        "dependencies": {
          "Nethermind.Libp2p.Core": "[1.0.0, )"
        }
      },
      "Nethermind.Libp2p.Protocols.Plaintext": {
        "type": "Project",
        "dependencies": {
          "Google.Protobuf": "[3.33.1, )",
          "Nethermind.Libp2p.Core": "[1.0.0, )"
        }
      },
      "Nethermind.Libp2p.Protocols.Pubsub": {
        "type": "Project",
        "dependencies": {
          "BouncyCastle.Cryptography": "[2.6.2, )",
          "Google.Protobuf": "[3.33.1, )",
          "Nethermind.Libp2p.Core": "[1.0.0, )",
          "Nethermind.Libp2p.Protocols.Identify": "[1.0.0, )"
        }
      },
      "Nethermind.Libp2p.Protocols.PubsubPeerDiscovery": {
        "type": "Project",
        "dependencies": {
          "Makaretu.Dns.Multicast": "[0.27.0, )",
          "Microsoft.Extensions.Logging.Abstractions": "[10.0.0, )",
          "Nethermind.Libp2p.Core": "[1.0.0, )",
          "Nethermind.Libp2p.Protocols.Pubsub": "[1.0.0, )"
        }
      },
      "Nethermind.Libp2p.Protocols.Quic": {
        "type": "Project",
        "dependencies": {
          "BouncyCastle.Cryptography": "[2.6.2, )",
          "Microsoft.Extensions.Logging.Abstractions": "[10.0.0, )",
          "Nethermind.Libp2p.Core": "[1.0.0, )"
        }
      },
      "Nethermind.Libp2p.Protocols.Relay": {
        "type": "Project",
        "dependencies": {
          "Google.Protobuf": "[3.33.1, )",
          "Nethermind.Libp2p.Core": "[1.0.0, )"
        }
      },
      "Nethermind.Libp2p.Protocols.RequestResponse": {
        "type": "Project",
        "dependencies": {
          "Google.Protobuf": "[3.33.1, )",
          "Microsoft.Extensions.Logging.Abstractions": "[10.0.0, )",
          "Nethermind.Libp2p.Core": "[1.0.0, )"
        }
      },
      "Nethermind.Libp2p.Protocols.Tls": {
        "type": "Project",
        "dependencies": {
          "Microsoft.Extensions.Logging": "[10.0.0, )",
          "Nethermind.Libp2p.Core": "[1.0.0, )",
          "Nethermind.Libp2p.Protocols.Quic": "[1.0.0, )"
        }
      },
      "Nethermind.Libp2p.Protocols.Yamux": {
        "type": "Project",
        "dependencies": {
          "Microsoft.Extensions.Logging.Abstractions": "[10.0.0, )",
          "Nethermind.Libp2p.Core": "[1.0.0, )"
        }
      }
    }
  }
}