Microsoft Visual Studio Solution File, Format Version 12.00
# Visual Studio Version 17
VisualStudioVersion = 17.5.2.0
MinimumVisualStudioVersion = 10.0.40219.1
Project("{FAE04EC0-301F-11D3-BF4B-00C04F79EFBC}") = "MauiChat", "MauiChat.csproj", "{D7D1DD77-8F9B-A200-5C23-F571EFBD0457}"
EndProject
Global
	GlobalSection(SolutionConfigurationPlatforms) = preSolution
		Debug|Any CPU = Debug|Any CPU
		Release|Any CPU = Release|Any CPU
	EndGlobalSection
	GlobalSection(ProjectConfigurationPlatforms) = postSolution
		{D7D1DD77-8F9B-A200-5C23-F571EFBD0457}.Debug|Any CPU.ActiveCfg = Debug|Any CPU
		{D7D1DD77-8F9B-A200-5C23-F571EFBD0457}.Debug|Any CPU.Build.0 = Debug|Any CPU
		{D7D1DD77-8F9B-A200-5C23-F571EFBD0457}.Release|Any CPU.ActiveCfg = Release|Any CPU
		{D7D1DD77-8F9B-A200-5C23-F571EFBD0457}.Release|Any CPU.Build.0 = Release|Any CPU
	EndGlobalSection
	GlobalSection(SolutionProperties) = preSolution
		HideSolutionNode = FALSE
	EndGlobalSection
	GlobalSection(ExtensibilityGlobals) = postSolution
		SolutionGuid = {FA7440AC-229E-43DC-9A95-BEB649C2C4BA}
	EndGlobalSection
EndGlobal
