
Microsoft Visual Studio Solution File, Format Version 12.00
# Visual Studio Version 17
VisualStudioVersion = 17.4.33213.308
MinimumVisualStudioVersion = 10.0.40219.1
Project("{2150E333-8FDC-42A3-9474-1A3956D46DE8}") = "samples", "samples", "{0DC1C6A1-0A5B-43BA-9605-621C21A16716}"
EndProject
Project("{9A19103F-16F7-4668-BE54-9A1E7A4F7556}") = "Chat", "..\samples\chat\Chat.csproj", "{9958ABBD-36EF-4CD6-8D5D-822D283C5E8B}"
EndProject
Project("{2150E333-8FDC-42A3-9474-1A3956D46DE8}") = "protocols", "protocols", "{6F3D9AA9-C92D-4998-BC4E-D5EA068E8D0D}"
EndProject
Project("{9A19103F-16F7-4668-BE54-9A1E7A4F7556}") = "Libp2p.Core", "Libp2p.Core\Libp2p.Core.csproj", "{FDFFFE7B-DA06-4326-A65F-A1A0B81C4032}"
EndProject
Project("{9A19103F-16F7-4668-BE54-9A1E7A4F7556}") = "Libp2p.Protocols.Yamux", "Libp2p.Protocols.Yamux\Libp2p.Protocols.Yamux.csproj", "{5C164A63-988A-4E29-AE32-2E49344889B9}"
EndProject
Project("{9A19103F-16F7-4668-BE54-9A1E7A4F7556}") = "Libp2p.Protocols.IpTcp", "Libp2p.Protocols.IpTcp\Libp2p.Protocols.IpTcp.csproj", "{5D75E6A7-F477-4C0F-AB7C-73E5872D4B6D}"
EndProject
Project("{9A19103F-16F7-4668-BE54-9A1E7A4F7556}") = "Libp2p.Protocols.Multistream", "Libp2p.Protocols.Multistream\Libp2p.Protocols.Multistream.csproj", "{FD857783-0995-4BB2-81DE-0B11639F68F4}"
EndProject
Project("{9A19103F-16F7-4668-BE54-9A1E7A4F7556}") = "Libp2p.Protocols.Plaintext", "Libp2p.Protocols.Plaintext\Libp2p.Protocols.Plaintext.csproj", "{3E391742-9273-43BB-9A94-31E2476977B5}"
EndProject
Project("{9A19103F-16F7-4668-BE54-9A1E7A4F7556}") = "Libp2p.Protocols.Identify", "Libp2p.Protocols.Identify\Libp2p.Protocols.Identify.csproj", "{94540284-FC9C-4513-B104-21B922741FF6}"
EndProject
Project("{9A19103F-16F7-4668-BE54-9A1E7A4F7556}") = "Libp2p.Protocols.Multistream.Tests", "Libp2p.Protocols.Multistream.Tests\Libp2p.Protocols.Multistream.Tests.csproj", "{72F8C7B0-D5A5-477D-92FC-090053F9BEE7}"
EndProject
Project("{9A19103F-16F7-4668-BE54-9A1E7A4F7556}") = "Libp2p.Core.TestsBase", "Libp2p.Core.TestsBase\Libp2p.Core.TestsBase.csproj", "{1464CF1F-0951-4A66-B18C-E453354AC8DB}"
EndProject
Project("{9A19103F-16F7-4668-BE54-9A1E7A4F7556}") = "Libp2p.Core.Tests", "Libp2p.Core.Tests\Libp2p.Core.Tests.csproj", "{8D0D5F96-3165-44BF-BFD7-5E595DC7D930}"
EndProject
Project("{9A19103F-16F7-4668-BE54-9A1E7A4F7556}") = "Libp2p.Core.Benchmarks", "Libp2p.Core.Benchmarks\Libp2p.Core.Benchmarks.csproj", "{1074EB57-7149-46A8-A1EC-7342035EA9CF}"
EndProject
Project("{9A19103F-16F7-4668-BE54-9A1E7A4F7556}") = "Libp2p.Protocols.Noise", "Libp2p.Protocols.Noise\Libp2p.Protocols.Noise.csproj", "{6C81FFE2-A58F-41B9-8C40-0F7448497D84}"
EndProject
Project("{9A19103F-16F7-4668-BE54-9A1E7A4F7556}") = "Libp2p.Protocols.Noise.Tests", "Libp2p.Protocols.Noise.Tests\Libp2p.Protocols.Noise.Tests.csproj", "{6870A003-4BD2-4394-AE09-CE738B383A9A}"
EndProject
Project("{9A19103F-16F7-4668-BE54-9A1E7A4F7556}") = "PerfBenchmarks", "..\samples\perf-benchmarks\PerfBenchmarks.csproj", "{D9A6BF91-6F91-4ACF-8EB2-47EDA9E420D5}"
EndProject
Project("{9A19103F-16F7-4668-BE54-9A1E7A4F7556}") = "Libp2p.Protocols.Pubsub", "Libp2p.Protocols.Pubsub\Libp2p.Protocols.Pubsub.csproj", "{36B0C419-856F-4EF0-9D0F-69D5FD9B0A15}"
EndProject
Project("{9A19103F-16F7-4668-BE54-9A1E7A4F7556}") = "PubsubChat", "..\samples\pubsub-chat\PubsubChat.csproj", "{AD94EE04-D967-4AAE-B378-1FFB4F28A3B6}"
EndProject
Project("{9A19103F-16F7-4668-BE54-9A1E7A4F7556}") = "Libp2p.Protocols.MDns", "Libp2p.Protocols.MDns\Libp2p.Protocols.MDns.csproj", "{7F623900-2957-437B-BF19-879639FA6D22}"
EndProject
Project("{9A19103F-16F7-4668-BE54-9A1E7A4F7556}") = "Libp2p.Protocols.Quic", "Libp2p.Protocols.Quic\Libp2p.Protocols.Quic.csproj", "{F4546A3C-A37C-4E4E-BD8C-BE8A70C2A4A8}"
EndProject
Project("{9A19103F-16F7-4668-BE54-9A1E7A4F7556}") = "Libp2p", "Libp2p\Libp2p.csproj", "{AEAA7328-A61E-46F6-BC45-F6F9E9412D7F}"
EndProject
Project("{9A19103F-16F7-4668-BE54-9A1E7A4F7556}") = "Libp2p.Generators.Enums", "Libp2p.Generators.Enums\Libp2p.Generators.Enums.csproj", "{A5C02C17-4F6E-46A5-9178-CF5EC375455B}"
EndProject
Project("{9A19103F-16F7-4668-BE54-9A1E7A4F7556}") = "Libp2p.Generators.Protobuf", "Libp2p.Generators.Protobuf\Libp2p.Generators.Protobuf.csproj", "{AF9943D8-8074-4407-B315-0E32BB9EA64E}"
EndProject
Project("{9A19103F-16F7-4668-BE54-9A1E7A4F7556}") = "Libp2p.Protocols.Pubsub.Tests", "Libp2p.Protocols.Pubsub.Tests\Libp2p.Protocols.Pubsub.Tests.csproj", "{E4103D59-03EB-488A-8392-0D2FBE3FBCC3}"
EndProject
Project("{9A19103F-16F7-4668-BE54-9A1E7A4F7556}") = "Libp2p.Protocols.Ping", "Libp2p.Protocols.Ping\Libp2p.Protocols.Ping.csproj", "{FC0E9BCE-2848-45DC-AE20-FB7E862A199E}"
EndProject
Project("{9A19103F-16F7-4668-BE54-9A1E7A4F7556}") = "Multiformats.Hash", "..\cs-multihash\src\Multiformats.Hash\Multiformats.Hash.csproj", "{064158B8-C0A0-4CE5-8D6A-77FE657788FE}"
EndProject
Global
	GlobalSection(SolutionConfigurationPlatforms) = preSolution
		Debug|Any CPU = Debug|Any CPU
		Release|Any CPU = Release|Any CPU
	EndGlobalSection
	GlobalSection(ProjectConfigurationPlatforms) = postSolution
		{9958ABBD-36EF-4CD6-8D5D-822D283C5E8B}.Debug|Any CPU.ActiveCfg = Debug|Any CPU
		{9958ABBD-36EF-4CD6-8D5D-822D283C5E8B}.Debug|Any CPU.Build.0 = Debug|Any CPU
		{9958ABBD-36EF-4CD6-8D5D-822D283C5E8B}.Release|Any CPU.ActiveCfg = Release|Any CPU
		{9958ABBD-36EF-4CD6-8D5D-822D283C5E8B}.Release|Any CPU.Build.0 = Release|Any CPU
		{FDFFFE7B-DA06-4326-A65F-A1A0B81C4032}.Debug|Any CPU.ActiveCfg = Debug|Any CPU
		{FDFFFE7B-DA06-4326-A65F-A1A0B81C4032}.Debug|Any CPU.Build.0 = Debug|Any CPU
		{FDFFFE7B-DA06-4326-A65F-A1A0B81C4032}.Release|Any CPU.ActiveCfg = Release|Any CPU
		{FDFFFE7B-DA06-4326-A65F-A1A0B81C4032}.Release|Any CPU.Build.0 = Release|Any CPU
		{5C164A63-988A-4E29-AE32-2E49344889B9}.Debug|Any CPU.ActiveCfg = Debug|Any CPU
		{5C164A63-988A-4E29-AE32-2E49344889B9}.Debug|Any CPU.Build.0 = Debug|Any CPU
		{5C164A63-988A-4E29-AE32-2E49344889B9}.Release|Any CPU.ActiveCfg = Release|Any CPU
		{5C164A63-988A-4E29-AE32-2E49344889B9}.Release|Any CPU.Build.0 = Release|Any CPU
		{5D75E6A7-F477-4C0F-AB7C-73E5872D4B6D}.Debug|Any CPU.ActiveCfg = Debug|Any CPU
		{5D75E6A7-F477-4C0F-AB7C-73E5872D4B6D}.Debug|Any CPU.Build.0 = Debug|Any CPU
		{5D75E6A7-F477-4C0F-AB7C-73E5872D4B6D}.Release|Any CPU.ActiveCfg = Release|Any CPU
		{5D75E6A7-F477-4C0F-AB7C-73E5872D4B6D}.Release|Any CPU.Build.0 = Release|Any CPU
		{FD857783-0995-4BB2-81DE-0B11639F68F4}.Debug|Any CPU.ActiveCfg = Debug|Any CPU
		{FD857783-0995-4BB2-81DE-0B11639F68F4}.Debug|Any CPU.Build.0 = Debug|Any CPU
		{FD857783-0995-4BB2-81DE-0B11639F68F4}.Release|Any CPU.ActiveCfg = Release|Any CPU
		{FD857783-0995-4BB2-81DE-0B11639F68F4}.Release|Any CPU.Build.0 = Release|Any CPU
		{3E391742-9273-43BB-9A94-31E2476977B5}.Debug|Any CPU.ActiveCfg = Debug|Any CPU
		{3E391742-9273-43BB-9A94-31E2476977B5}.Debug|Any CPU.Build.0 = Debug|Any CPU
		{3E391742-9273-43BB-9A94-31E2476977B5}.Release|Any CPU.ActiveCfg = Release|Any CPU
		{3E391742-9273-43BB-9A94-31E2476977B5}.Release|Any CPU.Build.0 = Release|Any CPU
		{94540284-FC9C-4513-B104-21B922741FF6}.Debug|Any CPU.ActiveCfg = Debug|Any CPU
		{94540284-FC9C-4513-B104-21B922741FF6}.Debug|Any CPU.Build.0 = Debug|Any CPU
		{94540284-FC9C-4513-B104-21B922741FF6}.Release|Any CPU.ActiveCfg = Release|Any CPU
		{94540284-FC9C-4513-B104-21B922741FF6}.Release|Any CPU.Build.0 = Release|Any CPU
		{72F8C7B0-D5A5-477D-92FC-090053F9BEE7}.Debug|Any CPU.ActiveCfg = Debug|Any CPU
		{72F8C7B0-D5A5-477D-92FC-090053F9BEE7}.Debug|Any CPU.Build.0 = Debug|Any CPU
		{72F8C7B0-D5A5-477D-92FC-090053F9BEE7}.Release|Any CPU.ActiveCfg = Release|Any CPU
		{72F8C7B0-D5A5-477D-92FC-090053F9BEE7}.Release|Any CPU.Build.0 = Release|Any CPU
		{1464CF1F-0951-4A66-B18C-E453354AC8DB}.Debug|Any CPU.ActiveCfg = Debug|Any CPU
		{1464CF1F-0951-4A66-B18C-E453354AC8DB}.Debug|Any CPU.Build.0 = Debug|Any CPU
		{1464CF1F-0951-4A66-B18C-E453354AC8DB}.Release|Any CPU.ActiveCfg = Release|Any CPU
		{1464CF1F-0951-4A66-B18C-E453354AC8DB}.Release|Any CPU.Build.0 = Release|Any CPU
		{8D0D5F96-3165-44BF-BFD7-5E595DC7D930}.Debug|Any CPU.ActiveCfg = Debug|Any CPU
		{8D0D5F96-3165-44BF-BFD7-5E595DC7D930}.Debug|Any CPU.Build.0 = Debug|Any CPU
		{8D0D5F96-3165-44BF-BFD7-5E595DC7D930}.Release|Any CPU.ActiveCfg = Release|Any CPU
		{8D0D5F96-3165-44BF-BFD7-5E595DC7D930}.Release|Any CPU.Build.0 = Release|Any CPU
		{1074EB57-7149-46A8-A1EC-7342035EA9CF}.Debug|Any CPU.ActiveCfg = Debug|Any CPU
		{1074EB57-7149-46A8-A1EC-7342035EA9CF}.Debug|Any CPU.Build.0 = Debug|Any CPU
		{1074EB57-7149-46A8-A1EC-7342035EA9CF}.Release|Any CPU.ActiveCfg = Release|Any CPU
		{1074EB57-7149-46A8-A1EC-7342035EA9CF}.Release|Any CPU.Build.0 = Release|Any CPU
		{6C81FFE2-A58F-41B9-8C40-0F7448497D84}.Debug|Any CPU.ActiveCfg = Debug|Any CPU
		{6C81FFE2-A58F-41B9-8C40-0F7448497D84}.Debug|Any CPU.Build.0 = Debug|Any CPU
		{6C81FFE2-A58F-41B9-8C40-0F7448497D84}.Release|Any CPU.ActiveCfg = Release|Any CPU
		{6C81FFE2-A58F-41B9-8C40-0F7448497D84}.Release|Any CPU.Build.0 = Release|Any CPU
		{6870A003-4BD2-4394-AE09-CE738B383A9A}.Debug|Any CPU.ActiveCfg = Debug|Any CPU
		{6870A003-4BD2-4394-AE09-CE738B383A9A}.Debug|Any CPU.Build.0 = Debug|Any CPU
		{6870A003-4BD2-4394-AE09-CE738B383A9A}.Release|Any CPU.ActiveCfg = Release|Any CPU
		{6870A003-4BD2-4394-AE09-CE738B383A9A}.Release|Any CPU.Build.0 = Release|Any CPU
		{D9A6BF91-6F91-4ACF-8EB2-47EDA9E420D5}.Debug|Any CPU.ActiveCfg = Debug|Any CPU
		{D9A6BF91-6F91-4ACF-8EB2-47EDA9E420D5}.Debug|Any CPU.Build.0 = Debug|Any CPU
		{D9A6BF91-6F91-4ACF-8EB2-47EDA9E420D5}.Release|Any CPU.ActiveCfg = Release|Any CPU
		{D9A6BF91-6F91-4ACF-8EB2-47EDA9E420D5}.Release|Any CPU.Build.0 = Release|Any CPU
		{36B0C419-856F-4EF0-9D0F-69D5FD9B0A15}.Debug|Any CPU.ActiveCfg = Debug|Any CPU
		{36B0C419-856F-4EF0-9D0F-69D5FD9B0A15}.Debug|Any CPU.Build.0 = Debug|Any CPU
		{36B0C419-856F-4EF0-9D0F-69D5FD9B0A15}.Release|Any CPU.ActiveCfg = Release|Any CPU
		{36B0C419-856F-4EF0-9D0F-69D5FD9B0A15}.Release|Any CPU.Build.0 = Release|Any CPU
		{AD94EE04-D967-4AAE-B378-1FFB4F28A3B6}.Debug|Any CPU.ActiveCfg = Debug|Any CPU
		{AD94EE04-D967-4AAE-B378-1FFB4F28A3B6}.Debug|Any CPU.Build.0 = Debug|Any CPU
		{AD94EE04-D967-4AAE-B378-1FFB4F28A3B6}.Release|Any CPU.ActiveCfg = Release|Any CPU
		{AD94EE04-D967-4AAE-B378-1FFB4F28A3B6}.Release|Any CPU.Build.0 = Release|Any CPU
		{7F623900-2957-437B-BF19-879639FA6D22}.Debug|Any CPU.ActiveCfg = Debug|Any CPU
		{7F623900-2957-437B-BF19-879639FA6D22}.Debug|Any CPU.Build.0 = Debug|Any CPU
		{7F623900-2957-437B-BF19-879639FA6D22}.Release|Any CPU.ActiveCfg = Release|Any CPU
		{7F623900-2957-437B-BF19-879639FA6D22}.Release|Any CPU.Build.0 = Release|Any CPU
		{F4546A3C-A37C-4E4E-BD8C-BE8A70C2A4A8}.Debug|Any CPU.ActiveCfg = Debug|Any CPU
		{F4546A3C-A37C-4E4E-BD8C-BE8A70C2A4A8}.Debug|Any CPU.Build.0 = Debug|Any CPU
		{F4546A3C-A37C-4E4E-BD8C-BE8A70C2A4A8}.Release|Any CPU.ActiveCfg = Release|Any CPU
		{F4546A3C-A37C-4E4E-BD8C-BE8A70C2A4A8}.Release|Any CPU.Build.0 = Release|Any CPU
		{AEAA7328-A61E-46F6-BC45-F6F9E9412D7F}.Debug|Any CPU.ActiveCfg = Debug|Any CPU
		{AEAA7328-A61E-46F6-BC45-F6F9E9412D7F}.Debug|Any CPU.Build.0 = Debug|Any CPU
		{AEAA7328-A61E-46F6-BC45-F6F9E9412D7F}.Release|Any CPU.ActiveCfg = Release|Any CPU
		{AEAA7328-A61E-46F6-BC45-F6F9E9412D7F}.Release|Any CPU.Build.0 = Release|Any CPU
		{A5C02C17-4F6E-46A5-9178-CF5EC375455B}.Debug|Any CPU.ActiveCfg = Debug|Any CPU
		{A5C02C17-4F6E-46A5-9178-CF5EC375455B}.Debug|Any CPU.Build.0 = Debug|Any CPU
		{A5C02C17-4F6E-46A5-9178-CF5EC375455B}.Release|Any CPU.ActiveCfg = Release|Any CPU
		{A5C02C17-4F6E-46A5-9178-CF5EC375455B}.Release|Any CPU.Build.0 = Release|Any CPU
		{AF9943D8-8074-4407-B315-0E32BB9EA64E}.Debug|Any CPU.ActiveCfg = Debug|Any CPU
		{AF9943D8-8074-4407-B315-0E32BB9EA64E}.Debug|Any CPU.Build.0 = Debug|Any CPU
		{AF9943D8-8074-4407-B315-0E32BB9EA64E}.Release|Any CPU.ActiveCfg = Release|Any CPU
		{AF9943D8-8074-4407-B315-0E32BB9EA64E}.Release|Any CPU.Build.0 = Release|Any CPU
		{E4103D59-03EB-488A-8392-0D2FBE3FBCC3}.Debug|Any CPU.ActiveCfg = Debug|Any CPU
		{E4103D59-03EB-488A-8392-0D2FBE3FBCC3}.Debug|Any CPU.Build.0 = Debug|Any CPU
		{E4103D59-03EB-488A-8392-0D2FBE3FBCC3}.Release|Any CPU.ActiveCfg = Release|Any CPU
		{E4103D59-03EB-488A-8392-0D2FBE3FBCC3}.Release|Any CPU.Build.0 = Release|Any CPU
		{FC0E9BCE-2848-45DC-AE20-FB7E862A199E}.Debug|Any CPU.ActiveCfg = Debug|Any CPU
		{FC0E9BCE-2848-45DC-AE20-FB7E862A199E}.Debug|Any CPU.Build.0 = Debug|Any CPU
		{FC0E9BCE-2848-45DC-AE20-FB7E862A199E}.Release|Any CPU.ActiveCfg = Release|Any CPU
		{FC0E9BCE-2848-45DC-AE20-FB7E862A199E}.Release|Any CPU.Build.0 = Release|Any CPU
		{064158B8-C0A0-4CE5-8D6A-77FE657788FE}.Debug|Any CPU.ActiveCfg = Debug|Any CPU
		{064158B8-C0A0-4CE5-8D6A-77FE657788FE}.Debug|Any CPU.Build.0 = Debug|Any CPU
		{064158B8-C0A0-4CE5-8D6A-77FE657788FE}.Release|Any CPU.ActiveCfg = Release|Any CPU
		{064158B8-C0A0-4CE5-8D6A-77FE657788FE}.Release|Any CPU.Build.0 = Release|Any CPU
	EndGlobalSection
	GlobalSection(SolutionProperties) = preSolution
		HideSolutionNode = FALSE
	EndGlobalSection
	GlobalSection(NestedProjects) = preSolution
		{9958ABBD-36EF-4CD6-8D5D-822D283C5E8B} = {0DC1C6A1-0A5B-43BA-9605-621C21A16716}
		{5C164A63-988A-4E29-AE32-2E49344889B9} = {6F3D9AA9-C92D-4998-BC4E-D5EA068E8D0D}
		{5D75E6A7-F477-4C0F-AB7C-73E5872D4B6D} = {6F3D9AA9-C92D-4998-BC4E-D5EA068E8D0D}
		{FD857783-0995-4BB2-81DE-0B11639F68F4} = {6F3D9AA9-C92D-4998-BC4E-D5EA068E8D0D}
		{3E391742-9273-43BB-9A94-31E2476977B5} = {6F3D9AA9-C92D-4998-BC4E-D5EA068E8D0D}
		{94540284-FC9C-4513-B104-21B922741FF6} = {6F3D9AA9-C92D-4998-BC4E-D5EA068E8D0D}
		{72F8C7B0-D5A5-477D-92FC-090053F9BEE7} = {6F3D9AA9-C92D-4998-BC4E-D5EA068E8D0D}
		{6C81FFE2-A58F-41B9-8C40-0F7448497D84} = {6F3D9AA9-C92D-4998-BC4E-D5EA068E8D0D}
		{6870A003-4BD2-4394-AE09-CE738B383A9A} = {6F3D9AA9-C92D-4998-BC4E-D5EA068E8D0D}
		{D9A6BF91-6F91-4ACF-8EB2-47EDA9E420D5} = {0DC1C6A1-0A5B-43BA-9605-621C21A16716}
		{36B0C419-856F-4EF0-9D0F-69D5FD9B0A15} = {6F3D9AA9-C92D-4998-BC4E-D5EA068E8D0D}
		{AD94EE04-D967-4AAE-B378-1FFB4F28A3B6} = {0DC1C6A1-0A5B-43BA-9605-621C21A16716}
		{7F623900-2957-437B-BF19-879639FA6D22} = {6F3D9AA9-C92D-4998-BC4E-D5EA068E8D0D}
		{F4546A3C-A37C-4E4E-BD8C-BE8A70C2A4A8} = {6F3D9AA9-C92D-4998-BC4E-D5EA068E8D0D}
		{E4103D59-03EB-488A-8392-0D2FBE3FBCC3} = {6F3D9AA9-C92D-4998-BC4E-D5EA068E8D0D}
		{FC0E9BCE-2848-45DC-AE20-FB7E862A199E} = {6F3D9AA9-C92D-4998-BC4E-D5EA068E8D0D}
	EndGlobalSection
	GlobalSection(ExtensibilityGlobals) = postSolution
		SolutionGuid = {E337E37C-3DB8-42FA-9A83-AC4E3B2557B4}
	EndGlobalSection
EndGlobal
